{
  "name": "rpg-b",
  "version": "1.0.0",
  "lockfileVersion": 2,
  "requires": true,
  "packages": {
    "": {
      "name": "rpg-b",
      "version": "1.0.0",
      "license": "ISC",
      "dependencies": {
        "rpg-b": "^1.0.0"
      }
    },
    "node_modules/rpg-b": {
      "version": "1.0.0",
      "resolved": "https://registry.npmjs.org/rpg-b/-/rpg-b-1.0.0.tgz",
      "integrity": "sha512-ZMK0hRZl8WGcVCyK1ZkNbW9WG4QI07n5YaWmZs9ZgXqeGUMqebIkK8PI6Vvj38+d7eK+mkANXl2XTHlDj6pDOg=="
    }
  },
  "dependencies": {
    "rpg-b": {
      "version": "1.0.0",
      "resolved": "https://registry.npmjs.org/rpg-b/-/rpg-b-1.0.0.tgz",
      "integrity": "sha512-ZMK0hRZl8WGcVCyK1ZkNbW9WG4QI07n5YaWmZs9ZgXqeGUMqebIkK8PI6Vvj38+d7eK+mkANXl2XTHlDj6pDOg=="
    }
  }
}
